<?xml version="1.0" encoding="UTF-8"?>
<!DOCTYPE plist PUBLIC "-//Apple//DTD PLIST 1.0//EN" "http://www.apple.com/DTDs/PropertyList-1.0.dtd">
<plist version="1.0">
<dict>
	<key>archiveVersion</key>
	<string>1</string>
	<key>classes</key>
	<dict/>
	<key>objectVersion</key>
	<string>46</string>
	<key>objects</key>
	<dict>
		<key>0433DD91FE63479EB288B418</key>
		<dict>
			<key>explicitFileType</key>
			<string>archive.ar</string>
			<key>includeInIndex</key>
			<string>0</string>
			<key>isa</key>
			<string>PBXFileReference</string>
			<key>name</key>
			<string>libPods.a</string>
			<key>path</key>
			<string>libPods.a</string>
			<key>sourceTree</key>
			<string>BUILT_PRODUCTS_DIR</string>
		</dict>
		<key>0CEE80893CBB45DB83A4C288</key>
		<dict>
			<key>includeInIndex</key>
			<string>1</string>
			<key>isa</key>
			<string>PBXFileReference</string>
			<key>lastKnownFileType</key>
			<string>text.xcconfig</string>
			<key>name</key>
			<string>Pods.xcconfig</string>
			<key>path</key>
			<string>Pods/Pods.xcconfig</string>
			<key>sourceTree</key>
			<string>SOURCE_ROOT</string>
		</dict>
		<key>2E7F75425C4A4026BCD020AF</key>
		<dict>
			<key>buildActionMask</key>
			<string>2147483647</string>
			<key>files</key>
			<array/>
			<key>inputPaths</key>
			<array/>
			<key>isa</key>
			<string>PBXShellScriptBuildPhase</string>
			<key>name</key>
			<string>Copy Pods Resources</string>
			<key>outputPaths</key>
			<array/>
			<key>runOnlyForDeploymentPostprocessing</key>
			<string>0</string>
			<key>shellPath</key>
			<string>/bin/sh</string>
			<key>shellScript</key>
			<string>"${SRCROOT}/Pods/Pods-resources.sh"
</string>
			<key>showEnvVarsInLog</key>
			<string>1</string>
		</dict>
		<key>373B4EE7120E456BAED8E5A6</key>
		<dict>
			<key>buildActionMask</key>
			<string>2147483647</string>
			<key>files</key>
			<array/>
			<key>inputPaths</key>
			<array/>
			<key>isa</key>
			<string>PBXShellScriptBuildPhase</string>
			<key>name</key>
			<string>Check Pods Manifest.lock</string>
			<key>outputPaths</key>
			<array/>
			<key>runOnlyForDeploymentPostprocessing</key>
			<string>0</string>
			<key>shellPath</key>
			<string>/bin/sh</string>
			<key>shellScript</key>
			<string>diff "${PODS_ROOT}/../Podfile.lock" "${PODS_ROOT}/Manifest.lock" &gt; /dev/null
if [[ $? != 0 ]] ; then
    cat &lt;&lt; EOM
error: The sandbox is not in sync with the Podfile.lock. Run 'pod install' or update your CocoaPods installation.
EOM
    exit 1
fi
</string>
			<key>showEnvVarsInLog</key>
			<string>1</string>
		</dict>
		<key>AC0516F5174B6BFD0095C6D8</key>
		<dict>
			<key>children</key>
			<array>
				<string>AC051707174B6BFD0095C6D8</string>
				<string>AC05172B174B6BFD0095C6D8</string>
				<string>AC051700174B6BFD0095C6D8</string>
				<string>AC0516FF174B6BFD0095C6D8</string>
				<string>0CEE80893CBB45DB83A4C288</string>
			</array>
			<key>isa</key>
			<string>PBXGroup</string>
			<key>sourceTree</key>
			<string>&lt;group&gt;</string>
		</dict>
		<key>AC0516F6174B6BFD0095C6D8</key>
		<dict>
			<key>attributes</key>
			<dict>
				<key>LastUpgradeCheck</key>
				<string>0460</string>
				<key>ORGANIZATIONNAME</key>
				<string>sviluppatore1</string>
			</dict>
			<key>buildConfigurationList</key>
			<string>AC0516F9174B6BFD0095C6D8</string>
			<key>compatibilityVersion</key>
			<string>Xcode 3.2</string>
			<key>developmentRegion</key>
			<string>English</string>
			<key>hasScannedForEncodings</key>
			<string>0</string>
			<key>isa</key>
			<string>PBXProject</string>
			<key>knownRegions</key>
			<array>
				<string>en</string>
			</array>
			<key>mainGroup</key>
			<string>AC0516F5174B6BFD0095C6D8</string>
			<key>productRefGroup</key>
			<string>AC0516FF174B6BFD0095C6D8</string>
			<key>projectDirPath</key>
			<string></string>
			<key>projectReferences</key>
			<array/>
			<key>projectRoot</key>
			<string></string>
			<key>targets</key>
			<array>
				<string>AC0516FD174B6BFD0095C6D8</string>
				<string>AC051723174B6BFD0095C6D8</string>
			</array>
		</dict>
		<key>AC0516F9174B6BFD0095C6D8</key>
		<dict>
			<key>buildConfigurations</key>
			<array>
				<string>AC051734174B6BFD0095C6D8</string>
				<string>AC051735174B6BFD0095C6D8</string>
			</array>
			<key>defaultConfigurationIsVisible</key>
			<string>0</string>
			<key>defaultConfigurationName</key>
			<string>Release</string>
			<key>isa</key>
			<string>XCConfigurationList</string>
		</dict>
		<key>AC0516FA174B6BFD0095C6D8</key>
		<dict>
			<key>buildActionMask</key>
			<string>2147483647</string>
			<key>files</key>
			<array>
				<string>AC05170E174B6BFD0095C6D8</string>
				<string>AC051712174B6BFD0095C6D8</string>
				<string>AC05171B174B6BFD0095C6D8</string>
				<string>AC05173E174BA2AC0095C6D8</string>
				<string>AC051741174BB0820095C6D8</string>
			</array>
			<key>isa</key>
			<string>PBXSourcesBuildPhase</string>
			<key>runOnlyForDeploymentPostprocessing</key>
			<string>0</string>
		</dict>
		<key>AC0516FB174B6BFD0095C6D8</key>
		<dict>
			<key>buildActionMask</key>
			<string>2147483647</string>
			<key>files</key>
			<array>
				<string>AC051702174B6BFD0095C6D8</string>
				<string>AC051704174B6BFD0095C6D8</string>
				<string>AC051706174B6BFD0095C6D8</string>
				<string>E4094126751E48F181DA27D8</string>
			</array>
			<key>isa</key>
			<string>PBXFrameworksBuildPhase</string>
			<key>runOnlyForDeploymentPostprocessing</key>
			<string>0</string>
		</dict>
		<key>AC0516FC174B6BFD0095C6D8</key>
		<dict>
			<key>buildActionMask</key>
			<string>2147483647</string>
			<key>files</key>
			<array>
				<string>AC05170C174B6BFD0095C6D8</string>
				<string>AC051714174B6BFD0095C6D8</string>
				<string>AC051716174B6BFD0095C6D8</string>
				<string>AC051718174B6BFD0095C6D8</string>
				<string>AC05171E174B6BFD0095C6D8</string>
				<string>AC051743174BB4430095C6D8</string>
				<string>DC5984EB174BB75200C54CE3</string>
			</array>
			<key>isa</key>
			<string>PBXResourcesBuildPhase</string>
			<key>runOnlyForDeploymentPostprocessing</key>
			<string>0</string>
		</dict>
		<key>AC0516FD174B6BFD0095C6D8</key>
		<dict>
			<key>buildConfigurationList</key>
			<string>AC051736174B6BFD0095C6D8</string>
			<key>buildPhases</key>
			<array>
				<string>373B4EE7120E456BAED8E5A6</string>
				<string>AC0516FA174B6BFD0095C6D8</string>
				<string>AC0516FB174B6BFD0095C6D8</string>
				<string>AC0516FC174B6BFD0095C6D8</string>
				<string>2E7F75425C4A4026BCD020AF</string>
			</array>
			<key>buildRules</key>
			<array/>
			<key>dependencies</key>
			<array/>
			<key>isa</key>
			<string>PBXNativeTarget</string>
			<key>name</key>
			<string>day2</string>
			<key>productName</key>
			<string>day2</string>
			<key>productReference</key>
			<string>AC0516FE174B6BFD0095C6D8</string>
			<key>productType</key>
			<string>com.apple.product-type.application</string>
		</dict>
		<key>AC0516FE174B6BFD0095C6D8</key>
		<dict>
			<key>explicitFileType</key>
			<string>wrapper.application</string>
			<key>includeInIndex</key>
			<string>0</string>
			<key>isa</key>
			<string>PBXFileReference</string>
			<key>path</key>
			<string>day2.app</string>
			<key>sourceTree</key>
			<string>BUILT_PRODUCTS_DIR</string>
		</dict>
		<key>AC0516FF174B6BFD0095C6D8</key>
		<dict>
			<key>children</key>
			<array>
				<string>AC0516FE174B6BFD0095C6D8</string>
				<string>AC051724174B6BFD0095C6D8</string>
			</array>
			<key>isa</key>
			<string>PBXGroup</string>
			<key>name</key>
			<string>Products</string>
			<key>sourceTree</key>
			<string>&lt;group&gt;</string>
		</dict>
		<key>AC051700174B6BFD0095C6D8</key>
		<dict>
			<key>children</key>
			<array>
				<string>AC051701174B6BFD0095C6D8</string>
				<string>AC051703174B6BFD0095C6D8</string>
				<string>AC051705174B6BFD0095C6D8</string>
				<string>AC051725174B6BFD0095C6D8</string>
				<string>0433DD91FE63479EB288B418</string>
			</array>
			<key>isa</key>
			<string>PBXGroup</string>
			<key>name</key>
			<string>Frameworks</string>
			<key>sourceTree</key>
			<string>&lt;group&gt;</string>
		</dict>
		<key>AC051701174B6BFD0095C6D8</key>
		<dict>
			<key>isa</key>
			<string>PBXFileReference</string>
			<key>lastKnownFileType</key>
			<string>wrapper.framework</string>
			<key>name</key>
			<string>UIKit.framework</string>
			<key>path</key>
			<string>System/Library/Frameworks/UIKit.framework</string>
			<key>sourceTree</key>
			<string>SDKROOT</string>
		</dict>
		<key>AC051702174B6BFD0095C6D8</key>
		<dict>
			<key>fileRef</key>
			<string>AC051701174B6BFD0095C6D8</string>
			<key>isa</key>
			<string>PBXBuildFile</string>
		</dict>
		<key>AC051703174B6BFD0095C6D8</key>
		<dict>
			<key>isa</key>
			<string>PBXFileReference</string>
			<key>lastKnownFileType</key>
			<string>wrapper.framework</string>
			<key>name</key>
			<string>Foundation.framework</string>
			<key>path</key>
			<string>System/Library/Frameworks/Foundation.framework</string>
			<key>sourceTree</key>
			<string>SDKROOT</string>
		</dict>
		<key>AC051704174B6BFD0095C6D8</key>
		<dict>
			<key>fileRef</key>
			<string>AC051703174B6BFD0095C6D8</string>
			<key>isa</key>
			<string>PBXBuildFile</string>
		</dict>
		<key>AC051705174B6BFD0095C6D8</key>
		<dict>
			<key>isa</key>
			<string>PBXFileReference</string>
			<key>lastKnownFileType</key>
			<string>wrapper.framework</string>
			<key>name</key>
			<string>CoreGraphics.framework</string>
			<key>path</key>
			<string>System/Library/Frameworks/CoreGraphics.framework</string>
			<key>sourceTree</key>
			<string>SDKROOT</string>
		</dict>
		<key>AC051706174B6BFD0095C6D8</key>
		<dict>
			<key>fileRef</key>
			<string>AC051705174B6BFD0095C6D8</string>
			<key>isa</key>
			<string>PBXBuildFile</string>
		</dict>
		<key>AC051707174B6BFD0095C6D8</key>
		<dict>
			<key>children</key>
			<array>
				<string>AC051710174B6BFD0095C6D8</string>
				<string>AC051711174B6BFD0095C6D8</string>
				<string>AC051719174B6BFD0095C6D8</string>
				<string>AC05173C174BA25C0095C6D8</string>
				<string>AC05173D174BA2AC0095C6D8</string>
				<string>AC05171A174B6BFD0095C6D8</string>
				<string>AC05173F174BB0820095C6D8</string>
				<string>AC051740174BB0820095C6D8</string>
				<string>AC051742174BB4430095C6D8</string>
				<string>AC05171C174B6BFD0095C6D8</string>
				<string>AC051708174B6BFD0095C6D8</string>
			</array>
			<key>isa</key>
			<string>PBXGroup</string>
			<key>path</key>
			<string>day2</string>
			<key>sourceTree</key>
			<string>&lt;group&gt;</string>
		</dict>
		<key>AC051708174B6BFD0095C6D8</key>
		<dict>
			<key>children</key>
			<array>
				<string>AC051709174B6BFD0095C6D8</string>
				<string>AC05170A174B6BFD0095C6D8</string>
				<string>AC05170D174B6BFD0095C6D8</string>
				<string>AC05170F174B6BFD0095C6D8</string>
				<string>DC5984EA174BB75200C54CE3</string>
				<string>AC051713174B6BFD0095C6D8</string>
				<string>AC051715174B6BFD0095C6D8</string>
				<string>AC051717174B6BFD0095C6D8</string>
			</array>
			<key>isa</key>
			<string>PBXGroup</string>
			<key>name</key>
			<string>Supporting Files</string>
			<key>sourceTree</key>
			<string>&lt;group&gt;</string>
		</dict>
		<key>AC051709174B6BFD0095C6D8</key>
		<dict>
			<key>isa</key>
			<string>PBXFileReference</string>
			<key>lastKnownFileType</key>
			<string>text.plist.xml</string>
			<key>path</key>
			<string>day2-Info.plist</string>
			<key>sourceTree</key>
			<string>&lt;group&gt;</string>
		</dict>
		<key>AC05170A174B6BFD0095C6D8</key>
		<dict>
			<key>children</key>
			<array>
				<string>AC05170B174B6BFD0095C6D8</string>
			</array>
			<key>isa</key>
			<string>PBXVariantGroup</string>
			<key>name</key>
			<string>InfoPlist.strings</string>
			<key>sourceTree</key>
			<string>&lt;group&gt;</string>
		</dict>
		<key>AC05170B174B6BFD0095C6D8</key>
		<dict>
			<key>isa</key>
			<string>PBXFileReference</string>
			<key>lastKnownFileType</key>
			<string>text.plist.strings</string>
			<key>name</key>
			<string>en</string>
			<key>path</key>
			<string>en.lproj/InfoPlist.strings</string>
			<key>sourceTree</key>
			<string>&lt;group&gt;</string>
		</dict>
		<key>AC05170C174B6BFD0095C6D8</key>
		<dict>
			<key>fileRef</key>
			<string>AC05170A174B6BFD0095C6D8</string>
			<key>isa</key>
			<string>PBXBuildFile</string>
		</dict>
		<key>AC05170D174B6BFD0095C6D8</key>
		<dict>
			<key>isa</key>
			<string>PBXFileReference</string>
			<key>lastKnownFileType</key>
			<string>sourcecode.c.objc</string>
			<key>path</key>
			<string>main.m</string>
			<key>sourceTree</key>
			<string>&lt;group&gt;</string>
		</dict>
		<key>AC05170E174B6BFD0095C6D8</key>
		<dict>
			<key>fileRef</key>
			<string>AC05170D174B6BFD0095C6D8</string>
			<key>isa</key>
			<string>PBXBuildFile</string>
		</dict>
		<key>AC05170F174B6BFD0095C6D8</key>
		<dict>
			<key>isa</key>
			<string>PBXFileReference</string>
			<key>lastKnownFileType</key>
			<string>sourcecode.c.h</string>
			<key>path</key>
			<string>day2-Prefix.pch</string>
			<key>sourceTree</key>
			<string>&lt;group&gt;</string>
		</dict>
		<key>AC051710174B6BFD0095C6D8</key>
		<dict>
			<key>isa</key>
			<string>PBXFileReference</string>
			<key>lastKnownFileType</key>
			<string>sourcecode.c.h</string>
			<key>path</key>
			<string>AppDelegate.h</string>
			<key>sourceTree</key>
			<string>&lt;group&gt;</string>
		</dict>
		<key>AC051711174B6BFD0095C6D8</key>
		<dict>
			<key>isa</key>
			<string>PBXFileReference</string>
			<key>lastKnownFileType</key>
			<string>sourcecode.c.objc</string>
			<key>path</key>
			<string>AppDelegate.m</string>
			<key>sourceTree</key>
			<string>&lt;group&gt;</string>
		</dict>
		<key>AC051712174B6BFD0095C6D8</key>
		<dict>
			<key>fileRef</key>
			<string>AC051711174B6BFD0095C6D8</string>
			<key>isa</key>
			<string>PBXBuildFile</string>
		</dict>
		<key>AC051713174B6BFD0095C6D8</key>
		<dict>
			<key>isa</key>
			<string>PBXFileReference</string>
			<key>lastKnownFileType</key>
			<string>image.png</string>
			<key>path</key>
			<string>Default.png</string>
			<key>sourceTree</key>
			<string>&lt;group&gt;</string>
		</dict>
		<key>AC051714174B6BFD0095C6D8</key>
		<dict>
			<key>fileRef</key>
			<string>AC051713174B6BFD0095C6D8</string>
			<key>isa</key>
			<string>PBXBuildFile</string>
		</dict>
		<key>AC051715174B6BFD0095C6D8</key>
		<dict>
			<key>isa</key>
			<string>PBXFileReference</string>
			<key>lastKnownFileType</key>
			<string>image.png</string>
			<key>path</key>
			<string>Default@2x.png</string>
			<key>sourceTree</key>
			<string>&lt;group&gt;</string>
		</dict>
		<key>AC051716174B6BFD0095C6D8</key>
		<dict>
			<key>fileRef</key>
			<string>AC051715174B6BFD0095C6D8</string>
			<key>isa</key>
			<string>PBXBuildFile</string>
		</dict>
		<key>AC051717174B6BFD0095C6D8</key>
		<dict>
			<key>isa</key>
			<string>PBXFileReference</string>
			<key>lastKnownFileType</key>
			<string>image.png</string>
			<key>path</key>
			<string>Default-568h@2x.png</string>
			<key>sourceTree</key>
			<string>&lt;group&gt;</string>
		</dict>
		<key>AC051718174B6BFD0095C6D8</key>
		<dict>
			<key>fileRef</key>
			<string>AC051717174B6BFD0095C6D8</string>
			<key>isa</key>
			<string>PBXBuildFile</string>
		</dict>
		<key>AC051719174B6BFD0095C6D8</key>
		<dict>
			<key>isa</key>
			<string>PBXFileReference</string>
			<key>lastKnownFileType</key>
			<string>sourcecode.c.h</string>
			<key>path</key>
			<string>ViewController.h</string>
			<key>sourceTree</key>
			<string>&lt;group&gt;</string>
		</dict>
		<key>AC05171A174B6BFD0095C6D8</key>
		<dict>
			<key>isa</key>
			<string>PBXFileReference</string>
			<key>lastKnownFileType</key>
			<string>sourcecode.c.objc</string>
			<key>path</key>
			<string>ViewController.m</string>
			<key>sourceTree</key>
			<string>&lt;group&gt;</string>
		</dict>
		<key>AC05171B174B6BFD0095C6D8</key>
		<dict>
			<key>fileRef</key>
			<string>AC05171A174B6BFD0095C6D8</string>
			<key>isa</key>
			<string>PBXBuildFile</string>
		</dict>
		<key>AC05171C174B6BFD0095C6D8</key>
		<dict>
			<key>children</key>
			<array>
				<string>AC05171D174B6BFD0095C6D8</string>
			</array>
			<key>isa</key>
			<string>PBXVariantGroup</string>
			<key>name</key>
			<string>ViewController.xib</string>
			<key>sourceTree</key>
			<string>&lt;group&gt;</string>
		</dict>
		<key>AC05171D174B6BFD0095C6D8</key>
		<dict>
			<key>isa</key>
			<string>PBXFileReference</string>
			<key>lastKnownFileType</key>
			<string>file.xib</string>
			<key>name</key>
			<string>en</string>
			<key>path</key>
			<string>en.lproj/ViewController.xib</string>
			<key>sourceTree</key>
			<string>&lt;group&gt;</string>
		</dict>
		<key>AC05171E174B6BFD0095C6D8</key>
		<dict>
			<key>fileRef</key>
			<string>AC05171C174B6BFD0095C6D8</string>
			<key>isa</key>
			<string>PBXBuildFile</string>
		</dict>
		<key>AC05171F174B6BFD0095C6D8</key>
		<dict>
			<key>buildActionMask</key>
			<string>2147483647</string>
			<key>files</key>
			<array>
				<string>AC051733174B6BFD0095C6D8</string>
			</array>
			<key>isa</key>
			<string>PBXSourcesBuildPhase</string>
			<key>runOnlyForDeploymentPostprocessing</key>
			<string>0</string>
		</dict>
		<key>AC051720174B6BFD0095C6D8</key>
		<dict>
			<key>buildActionMask</key>
			<string>2147483647</string>
			<key>files</key>
			<array>
				<string>AC051726174B6BFD0095C6D8</string>
				<string>AC051727174B6BFD0095C6D8</string>
				<string>AC051728174B6BFD0095C6D8</string>
			</array>
			<key>isa</key>
			<string>PBXFrameworksBuildPhase</string>
			<key>runOnlyForDeploymentPostprocessing</key>
			<string>0</string>
		</dict>
		<key>AC051721174B6BFD0095C6D8</key>
		<dict>
			<key>buildActionMask</key>
			<string>2147483647</string>
			<key>files</key>
			<array>
				<string>AC051730174B6BFD0095C6D8</string>
			</array>
			<key>isa</key>
			<string>PBXResourcesBuildPhase</string>
			<key>runOnlyForDeploymentPostprocessing</key>
			<string>0</string>
		</dict>
		<key>AC051722174B6BFD0095C6D8</key>
		<dict>
			<key>buildActionMask</key>
			<string>2147483647</string>
			<key>files</key>
			<array/>
			<key>inputPaths</key>
			<array/>
			<key>isa</key>
			<string>PBXShellScriptBuildPhase</string>
			<key>outputPaths</key>
			<array/>
			<key>runOnlyForDeploymentPostprocessing</key>
			<string>0</string>
			<key>shellPath</key>
			<string>/bin/sh</string>
			<key>shellScript</key>
			<string># Run the unit tests in this test bundle.
"${SYSTEM_DEVELOPER_DIR}/Tools/RunUnitTests"
</string>
		</dict>
		<key>AC051723174B6BFD0095C6D8</key>
		<dict>
			<key>buildConfigurationList</key>
			<string>AC051739174B6BFD0095C6D8</string>
			<key>buildPhases</key>
			<array>
				<string>AC05171F174B6BFD0095C6D8</string>
				<string>AC051720174B6BFD0095C6D8</string>
				<string>AC051721174B6BFD0095C6D8</string>
				<string>AC051722174B6BFD0095C6D8</string>
			</array>
			<key>buildRules</key>
			<array/>
			<key>dependencies</key>
			<array>
				<string>AC05172A174B6BFD0095C6D8</string>
			</array>
			<key>isa</key>
			<string>PBXNativeTarget</string>
			<key>name</key>
			<string>day2Tests</string>
			<key>productName</key>
			<string>day2Tests</string>
			<key>productReference</key>
			<string>AC051724174B6BFD0095C6D8</string>
			<key>productType</key>
			<string>com.apple.product-type.bundle</string>
		</dict>
		<key>AC051724174B6BFD0095C6D8</key>
		<dict>
			<key>explicitFileType</key>
			<string>wrapper.cfbundle</string>
			<key>includeInIndex</key>
			<string>0</string>
			<key>isa</key>
			<string>PBXFileReference</string>
			<key>path</key>
			<string>day2Tests.octest</string>
			<key>sourceTree</key>
			<string>BUILT_PRODUCTS_DIR</string>
		</dict>
		<key>AC051725174B6BFD0095C6D8</key>
		<dict>
			<key>isa</key>
			<string>PBXFileReference</string>
			<key>lastKnownFileType</key>
			<string>wrapper.framework</string>
			<key>name</key>
			<string>SenTestingKit.framework</string>
			<key>path</key>
			<string>Library/Frameworks/SenTestingKit.framework</string>
			<key>sourceTree</key>
			<string>DEVELOPER_DIR</string>
		</dict>
		<key>AC051726174B6BFD0095C6D8</key>
		<dict>
			<key>fileRef</key>
			<string>AC051725174B6BFD0095C6D8</string>
			<key>isa</key>
			<string>PBXBuildFile</string>
		</dict>
		<key>AC051727174B6BFD0095C6D8</key>
		<dict>
			<key>fileRef</key>
			<string>AC051701174B6BFD0095C6D8</string>
			<key>isa</key>
			<string>PBXBuildFile</string>
		</dict>
		<key>AC051728174B6BFD0095C6D8</key>
		<dict>
			<key>fileRef</key>
			<string>AC051703174B6BFD0095C6D8</string>
			<key>isa</key>
			<string>PBXBuildFile</string>
		</dict>
		<key>AC051729174B6BFD0095C6D8</key>
		<dict>
			<key>containerPortal</key>
			<string>AC0516F6174B6BFD0095C6D8</string>
			<key>isa</key>
			<string>PBXContainerItemProxy</string>
			<key>proxyType</key>
			<string>1</string>
			<key>remoteGlobalIDString</key>
			<string>AC0516FD174B6BFD0095C6D8</string>
			<key>remoteInfo</key>
			<string>day2</string>
		</dict>
		<key>AC05172A174B6BFD0095C6D8</key>
		<dict>
			<key>isa</key>
			<string>PBXTargetDependency</string>
			<key>target</key>
			<string>AC0516FD174B6BFD0095C6D8</string>
			<key>targetProxy</key>
			<string>AC051729174B6BFD0095C6D8</string>
		</dict>
		<key>AC05172B174B6BFD0095C6D8</key>
		<dict>
			<key>children</key>
			<array>
				<string>AC051731174B6BFD0095C6D8</string>
				<string>AC051732174B6BFD0095C6D8</string>
				<string>AC05172C174B6BFD0095C6D8</string>
			</array>
			<key>isa</key>
			<string>PBXGroup</string>
			<key>path</key>
			<string>day2Tests</string>
			<key>sourceTree</key>
			<string>&lt;group&gt;</string>
		</dict>
		<key>AC05172C174B6BFD0095C6D8</key>
		<dict>
			<key>children</key>
			<array>
				<string>AC05172D174B6BFD0095C6D8</string>
				<string>AC05172E174B6BFD0095C6D8</string>
			</array>
			<key>isa</key>
			<string>PBXGroup</string>
			<key>name</key>
			<string>Supporting Files</string>
			<key>sourceTree</key>
			<string>&lt;group&gt;</string>
		</dict>
		<key>AC05172D174B6BFD0095C6D8</key>
		<dict>
			<key>isa</key>
			<string>PBXFileReference</string>
			<key>lastKnownFileType</key>
			<string>text.plist.xml</string>
			<key>path</key>
			<string>day2Tests-Info.plist</string>
			<key>sourceTree</key>
			<string>&lt;group&gt;</string>
		</dict>
		<key>AC05172E174B6BFD0095C6D8</key>
		<dict>
			<key>children</key>
			<array>
				<string>AC05172F174B6BFD0095C6D8</string>
			</array>
			<key>isa</key>
			<string>PBXVariantGroup</string>
			<key>name</key>
			<string>InfoPlist.strings</string>
			<key>sourceTree</key>
			<string>&lt;group&gt;</string>
		</dict>
		<key>AC05172F174B6BFD0095C6D8</key>
		<dict>
			<key>isa</key>
			<string>PBXFileReference</string>
			<key>lastKnownFileType</key>
			<string>text.plist.strings</string>
			<key>name</key>
			<string>en</string>
			<key>path</key>
			<string>en.lproj/InfoPlist.strings</string>
			<key>sourceTree</key>
			<string>&lt;group&gt;</string>
		</dict>
		<key>AC051730174B6BFD0095C6D8</key>
		<dict>
			<key>fileRef</key>
			<string>AC05172E174B6BFD0095C6D8</string>
			<key>isa</key>
			<string>PBXBuildFile</string>
		</dict>
		<key>AC051731174B6BFD0095C6D8</key>
		<dict>
			<key>isa</key>
			<string>PBXFileReference</string>
			<key>lastKnownFileType</key>
			<string>sourcecode.c.h</string>
			<key>path</key>
			<string>day2Tests.h</string>
			<key>sourceTree</key>
			<string>&lt;group&gt;</string>
		</dict>
		<key>AC051732174B6BFD0095C6D8</key>
		<dict>
			<key>isa</key>
			<string>PBXFileReference</string>
			<key>lastKnownFileType</key>
			<string>sourcecode.c.objc</string>
			<key>path</key>
			<string>day2Tests.m</string>
			<key>sourceTree</key>
			<string>&lt;group&gt;</string>
		</dict>
		<key>AC051733174B6BFD0095C6D8</key>
		<dict>
			<key>fileRef</key>
			<string>AC051732174B6BFD0095C6D8</string>
			<key>isa</key>
			<string>PBXBuildFile</string>
		</dict>
		<key>AC051734174B6BFD0095C6D8</key>
		<dict>
			<key>buildSettings</key>
			<dict>
				<key>ALWAYS_SEARCH_USER_PATHS</key>
				<string>NO</string>
				<key>CLANG_CXX_LANGUAGE_STANDARD</key>
				<string>gnu++0x</string>
				<key>CLANG_CXX_LIBRARY</key>
				<string>libc++</string>
				<key>CLANG_ENABLE_OBJC_ARC</key>
				<string>YES</string>
				<key>CLANG_WARN_CONSTANT_CONVERSION</key>
				<string>YES</string>
				<key>CLANG_WARN_EMPTY_BODY</key>
				<string>YES</string>
				<key>CLANG_WARN_ENUM_CONVERSION</key>
				<string>YES</string>
				<key>CLANG_WARN_INT_CONVERSION</key>
				<string>YES</string>
				<key>CLANG_WARN__DUPLICATE_METHOD_MATCH</key>
				<string>YES</string>
				<key>CODE_SIGN_IDENTITY[sdk=iphoneos*]</key>
				<string>iPhone Developer</string>
				<key>COPY_PHASE_STRIP</key>
				<string>NO</string>
				<key>GCC_C_LANGUAGE_STANDARD</key>
				<string>gnu99</string>
				<key>GCC_DYNAMIC_NO_PIC</key>
				<string>NO</string>
				<key>GCC_OPTIMIZATION_LEVEL</key>
				<string>0</string>
				<key>GCC_PREPROCESSOR_DEFINITIONS</key>
				<array>
					<string>DEBUG=1</string>
					<string>$(inherited)</string>
				</array>
				<key>GCC_SYMBOLS_PRIVATE_EXTERN</key>
				<string>NO</string>
				<key>GCC_WARN_ABOUT_RETURN_TYPE</key>
				<string>YES</string>
				<key>GCC_WARN_UNINITIALIZED_AUTOS</key>
				<string>YES</string>
				<key>GCC_WARN_UNUSED_VARIABLE</key>
				<string>YES</string>
				<key>IPHONEOS_DEPLOYMENT_TARGET</key>
				<string>6.1</string>
				<key>ONLY_ACTIVE_ARCH</key>
				<string>YES</string>
				<key>SDKROOT</key>
				<string>iphoneos</string>
			</dict>
			<key>isa</key>
			<string>XCBuildConfiguration</string>
			<key>name</key>
			<string>Debug</string>
		</dict>
		<key>AC051735174B6BFD0095C6D8</key>
		<dict>
			<key>buildSettings</key>
			<dict>
				<key>ALWAYS_SEARCH_USER_PATHS</key>
				<string>NO</string>
				<key>CLANG_CXX_LANGUAGE_STANDARD</key>
				<string>gnu++0x</string>
				<key>CLANG_CXX_LIBRARY</key>
				<string>libc++</string>
				<key>CLANG_ENABLE_OBJC_ARC</key>
				<string>YES</string>
				<key>CLANG_WARN_CONSTANT_CONVERSION</key>
				<string>YES</string>
				<key>CLANG_WARN_EMPTY_BODY</key>
				<string>YES</string>
				<key>CLANG_WARN_ENUM_CONVERSION</key>
				<string>YES</string>
				<key>CLANG_WARN_INT_CONVERSION</key>
				<string>YES</string>
				<key>CLANG_WARN__DUPLICATE_METHOD_MATCH</key>
				<string>YES</string>
				<key>CODE_SIGN_IDENTITY[sdk=iphoneos*]</key>
				<string>iPhone Developer</string>
				<key>COPY_PHASE_STRIP</key>
				<string>YES</string>
				<key>GCC_C_LANGUAGE_STANDARD</key>
				<string>gnu99</string>
				<key>GCC_WARN_ABOUT_RETURN_TYPE</key>
				<string>YES</string>
				<key>GCC_WARN_UNINITIALIZED_AUTOS</key>
				<string>YES</string>
				<key>GCC_WARN_UNUSED_VARIABLE</key>
				<string>YES</string>
				<key>IPHONEOS_DEPLOYMENT_TARGET</key>
				<string>6.1</string>
				<key>OTHER_CFLAGS</key>
				<string>-DNS_BLOCK_ASSERTIONS=1</string>
				<key>SDKROOT</key>
				<string>iphoneos</string>
				<key>VALIDATE_PRODUCT</key>
				<string>YES</string>
			</dict>
			<key>isa</key>
			<string>XCBuildConfiguration</string>
			<key>name</key>
			<string>Release</string>
		</dict>
		<key>AC051736174B6BFD0095C6D8</key>
		<dict>
			<key>buildConfigurations</key>
			<array>
				<string>AC051737174B6BFD0095C6D8</string>
				<string>AC051738174B6BFD0095C6D8</string>
			</array>
			<key>defaultConfigurationIsVisible</key>
			<string>0</string>
			<key>defaultConfigurationName</key>
			<string>Release</string>
			<key>isa</key>
			<string>XCConfigurationList</string>
		</dict>
		<key>AC051737174B6BFD0095C6D8</key>
		<dict>
			<key>baseConfigurationReference</key>
			<string>0CEE80893CBB45DB83A4C288</string>
			<key>buildSettings</key>
			<dict>
				<key>GCC_PRECOMPILE_PREFIX_HEADER</key>
				<string>YES</string>
				<key>GCC_PREFIX_HEADER</key>
				<string>day2/day2-Prefix.pch</string>
				<key>INFOPLIST_FILE</key>
				<string>day2/day2-Info.plist</string>
				<key>PRODUCT_NAME</key>
				<string>$(TARGET_NAME)</string>
				<key>WRAPPER_EXTENSION</key>
				<string>app</string>
			</dict>
			<key>isa</key>
			<string>XCBuildConfiguration</string>
			<key>name</key>
			<string>Debug</string>
		</dict>
		<key>AC051738174B6BFD0095C6D8</key>
		<dict>
			<key>baseConfigurationReference</key>
			<string>0CEE80893CBB45DB83A4C288</string>
			<key>buildSettings</key>
			<dict>
				<key>GCC_PRECOMPILE_PREFIX_HEADER</key>
				<string>YES</string>
				<key>GCC_PREFIX_HEADER</key>
				<string>day2/day2-Prefix.pch</string>
				<key>INFOPLIST_FILE</key>
				<string>day2/day2-Info.plist</string>
				<key>PRODUCT_NAME</key>
				<string>$(TARGET_NAME)</string>
				<key>WRAPPER_EXTENSION</key>
				<string>app</string>
			</dict>
			<key>isa</key>
			<string>XCBuildConfiguration</string>
			<key>name</key>
			<string>Release</string>
		</dict>
		<key>AC051739174B6BFD0095C6D8</key>
		<dict>
			<key>buildConfigurations</key>
			<array>
				<string>AC05173A174B6BFD0095C6D8</string>
				<string>AC05173B174B6BFD0095C6D8</string>
			</array>
			<key>defaultConfigurationIsVisible</key>
			<string>0</string>
			<key>defaultConfigurationName</key>
			<string>Release</string>
			<key>isa</key>
			<string>XCConfigurationList</string>
		</dict>
		<key>AC05173A174B6BFD0095C6D8</key>
		<dict>
			<key>buildSettings</key>
			<dict>
				<key>BUNDLE_LOADER</key>
				<string>$(BUILT_PRODUCTS_DIR)/day2.app/day2</string>
				<key>FRAMEWORK_SEARCH_PATHS</key>
				<array>
					<string>"$(SDKROOT)/Developer/Library/Frameworks"</string>
					<string>"$(DEVELOPER_LIBRARY_DIR)/Frameworks"</string>
				</array>
				<key>GCC_PRECOMPILE_PREFIX_HEADER</key>
				<string>YES</string>
				<key>GCC_PREFIX_HEADER</key>
				<string>day2/day2-Prefix.pch</string>
				<key>INFOPLIST_FILE</key>
				<string>day2Tests/day2Tests-Info.plist</string>
				<key>PRODUCT_NAME</key>
				<string>$(TARGET_NAME)</string>
				<key>TEST_HOST</key>
				<string>$(BUNDLE_LOADER)</string>
				<key>WRAPPER_EXTENSION</key>
				<string>octest</string>
			</dict>
			<key>isa</key>
			<string>XCBuildConfiguration</string>
			<key>name</key>
			<string>Debug</string>
		</dict>
		<key>AC05173B174B6BFD0095C6D8</key>
		<dict>
			<key>buildSettings</key>
			<dict>
				<key>BUNDLE_LOADER</key>
				<string>$(BUILT_PRODUCTS_DIR)/day2.app/day2</string>
				<key>FRAMEWORK_SEARCH_PATHS</key>
				<array>
					<string>"$(SDKROOT)/Developer/Library/Frameworks"</string>
					<string>"$(DEVELOPER_LIBRARY_DIR)/Frameworks"</string>
				</array>
				<key>GCC_PRECOMPILE_PREFIX_HEADER</key>
				<string>YES</string>
				<key>GCC_PREFIX_HEADER</key>
				<string>day2/day2-Prefix.pch</string>
				<key>INFOPLIST_FILE</key>
				<string>day2Tests/day2Tests-Info.plist</string>
				<key>PRODUCT_NAME</key>
				<string>$(TARGET_NAME)</string>
				<key>TEST_HOST</key>
				<string>$(BUNDLE_LOADER)</string>
				<key>WRAPPER_EXTENSION</key>
				<string>octest</string>
			</dict>
			<key>isa</key>
			<string>XCBuildConfiguration</string>
			<key>name</key>
			<string>Release</string>
		</dict>
		<key>AC05173C174BA25C0095C6D8</key>
		<dict>
			<key>isa</key>
			<string>PBXFileReference</string>
			<key>lastKnownFileType</key>
			<string>sourcecode.c.h</string>
			<key>path</key>
			<string>Corso.h</string>
			<key>sourceTree</key>
			<string>&lt;group&gt;</string>
		</dict>
		<key>AC05173D174BA2AC0095C6D8</key>
		<dict>
			<key>fileEncoding</key>
			<string>4</string>
			<key>isa</key>
			<string>PBXFileReference</string>
			<key>lastKnownFileType</key>
			<string>sourcecode.c.objc</string>
			<key>path</key>
			<string>Corso.m</string>
			<key>sourceTree</key>
			<string>&lt;group&gt;</string>
		</dict>
		<key>AC05173E174BA2AC0095C6D8</key>
		<dict>
			<key>fileRef</key>
			<string>AC05173D174BA2AC0095C6D8</string>
			<key>isa</key>
			<string>PBXBuildFile</string>
		</dict>
		<key>AC05173F174BB0820095C6D8</key>
		<dict>
			<key>fileEncoding</key>
			<string>4</string>
			<key>isa</key>
			<string>PBXFileReference</string>
			<key>lastKnownFileType</key>
			<string>sourcecode.c.h</string>
			<key>path</key>
			<string>CustomCell.h</string>
			<key>sourceTree</key>
			<string>&lt;group&gt;</string>
		</dict>
		<key>AC051740174BB0820095C6D8</key>
		<dict>
			<key>fileEncoding</key>
			<string>4</string>
			<key>isa</key>
			<string>PBXFileReference</string>
			<key>lastKnownFileType</key>
			<string>sourcecode.c.objc</string>
			<key>path</key>
			<string>CustomCell.m</string>
			<key>sourceTree</key>
			<string>&lt;group&gt;</string>
		</dict>
		<key>AC051741174BB0820095C6D8</key>
		<dict>
			<key>fileRef</key>
			<string>AC051740174BB0820095C6D8</string>
			<key>isa</key>
			<string>PBXBuildFile</string>
		</dict>
		<key>AC051742174BB4430095C6D8</key>
		<dict>
			<key>fileEncoding</key>
			<string>4</string>
			<key>isa</key>
			<string>PBXFileReference</string>
			<key>lastKnownFileType</key>
			<string>file.xib</string>
			<key>path</key>
			<string>CustomCell.xib</string>
			<key>sourceTree</key>
			<string>&lt;group&gt;</string>
		</dict>
		<key>AC051743174BB4430095C6D8</key>
		<dict>
			<key>fileRef</key>
			<string>AC051742174BB4430095C6D8</string>
			<key>isa</key>
			<string>PBXBuildFile</string>
		</dict>
		<key>DC5984EA174BB75200C54CE3</key>
		<dict>
			<key>isa</key>
			<string>PBXFileReference</string>
			<key>lastKnownFileType</key>
			<string>image.gif</string>
			<key>name</key>
			<string>course.gif</string>
			<key>path</key>
			<string>course.gif</string>
			<key>sourceTree</key>
			<string>&lt;group&gt;</string>
		</dict>
		<key>DC5984EB174BB75200C54CE3</key>
		<dict>
			<key>fileRef</key>
			<string>DC5984EA174BB75200C54CE3</string>
			<key>isa</key>
			<string>PBXBuildFile</string>
		</dict>
		<key>E4094126751E48F181DA27D8</key>
		<dict>
			<key>fileRef</key>
			<string>0433DD91FE63479EB288B418</string>
			<key>isa</key>
			<string>PBXBuildFile</string>
			<key>settings</key>
			<dict/>
		</dict>
	</dict>
	<key>rootObject</key>
	<string>AC0516F6174B6BFD0095C6D8</string>
</dict>
</plist>
