// !$*UTF8*$!
{
	archiveVersion = 1;
	classes = {
	};
	objectVersion = 46;
	objects = {

/* Begin PBXBuildFile section */
		ACEA8DDF17537A8E00AD33C3 /* KeyBoardInMezzo.m in Sources */ = {isa = PBXBuildFile; fileRef = ACEA8DDE17537A8E00AD33C3 /* KeyBoardInMezzo.m */; };
		DCBA247F1753559C0069547B /* UIKit.framework in Frameworks */ = {isa = PBXBuildFile; fileRef = DCBA247E1753559C0069547B /* UIKit.framework */; };
		DCBA24811753559C0069547B /* Foundation.framework in Frameworks */ = {isa = PBXBuildFile; fileRef = DCBA24801753559C0069547B /* Foundation.framework */; };
		DCBA24831753559C0069547B /* CoreGraphics.framework in Frameworks */ = {isa = PBXBuildFile; fileRef = DCBA24821753559C0069547B /* CoreGraphics.framework */; };
		DCBA24891753559C0069547B /* InfoPlist.strings in Resources */ = {isa = PBXBuildFile; fileRef = DCBA24871753559C0069547B /* InfoPlist.strings */; };
		DCBA248B1753559C0069547B /* main.m in Sources */ = {isa = PBXBuildFile; fileRef = DCBA248A1753559C0069547B /* main.m */; };
		DCBA248F1753559C0069547B /* AppDelegate.m in Sources */ = {isa = PBXBuildFile; fileRef = DCBA248E1753559C0069547B /* AppDelegate.m */; };
		DCBA24911753559C0069547B /* Default.png in Resources */ = {isa = PBXBuildFile; fileRef = DCBA24901753559C0069547B /* Default.png */; };
		DCBA24931753559C0069547B /* Default@2x.png in Resources */ = {isa = PBXBuildFile; fileRef = DCBA24921753559C0069547B /* Default@2x.png */; };
		DCBA24951753559C0069547B /* Default-568h@2x.png in Resources */ = {isa = PBXBuildFile; fileRef = DCBA24941753559C0069547B /* Default-568h@2x.png */; };
		DCBA24981753559C0069547B /* ViewController.m in Sources */ = {isa = PBXBuildFile; fileRef = DCBA24971753559C0069547B /* ViewController.m */; };
		DCBA249B1753559C0069547B /* ViewController_iPhone.xib in Resources */ = {isa = PBXBuildFile; fileRef = DCBA24991753559C0069547B /* ViewController_iPhone.xib */; };
		DCBA249E1753559C0069547B /* ViewController_iPad.xib in Resources */ = {isa = PBXBuildFile; fileRef = DCBA249C1753559C0069547B /* ViewController_iPad.xib */; };
		DCBA24A61753559C0069547B /* SenTestingKit.framework in Frameworks */ = {isa = PBXBuildFile; fileRef = DCBA24A51753559C0069547B /* SenTestingKit.framework */; };
		DCBA24A71753559C0069547B /* UIKit.framework in Frameworks */ = {isa = PBXBuildFile; fileRef = DCBA247E1753559C0069547B /* UIKit.framework */; };
		DCBA24A81753559C0069547B /* Foundation.framework in Frameworks */ = {isa = PBXBuildFile; fileRef = DCBA24801753559C0069547B /* Foundation.framework */; };
		DCBA24B01753559C0069547B /* InfoPlist.strings in Resources */ = {isa = PBXBuildFile; fileRef = DCBA24AE1753559C0069547B /* InfoPlist.strings */; };
		DCBA24B31753559C0069547B /* day4Tests.m in Sources */ = {isa = PBXBuildFile; fileRef = DCBA24B21753559C0069547B /* day4Tests.m */; };
/* End PBXBuildFile section */

/* Begin PBXContainerItemProxy section */
		DCBA24A91753559C0069547B /* PBXContainerItemProxy */ = {
			isa = PBXContainerItemProxy;
			containerPortal = DCBA24731753559C0069547B /* Project object */;
			proxyType = 1;
			remoteGlobalIDString = DCBA247A1753559C0069547B;
			remoteInfo = day4;
		};
/* End PBXContainerItemProxy section */

/* Begin PBXFileReference section */
		ACEA8DDD17537A8E00AD33C3 /* KeyBoardInMezzo.h */ = {isa = PBXFileReference; fileEncoding = 4; lastKnownFileType = sourcecode.c.h; path = KeyBoardInMezzo.h; sourceTree = "<group>"; };
		ACEA8DDE17537A8E00AD33C3 /* KeyBoardInMezzo.m */ = {isa = PBXFileReference; fileEncoding = 4; lastKnownFileType = sourcecode.c.objc; path = KeyBoardInMezzo.m; sourceTree = "<group>"; };
		DCBA247B1753559C0069547B /* day4.app */ = {isa = PBXFileReference; explicitFileType = wrapper.application; includeInIndex = 0; path = day4.app; sourceTree = BUILT_PRODUCTS_DIR; };
		DCBA247E1753559C0069547B /* UIKit.framework */ = {isa = PBXFileReference; lastKnownFileType = wrapper.framework; name = UIKit.framework; path = System/Library/Frameworks/UIKit.framework; sourceTree = SDKROOT; };
		DCBA24801753559C0069547B /* Foundation.framework */ = {isa = PBXFileReference; lastKnownFileType = wrapper.framework; name = Foundation.framework; path = System/Library/Frameworks/Foundation.framework; sourceTree = SDKROOT; };
		DCBA24821753559C0069547B /* CoreGraphics.framework */ = {isa = PBXFileReference; lastKnownFileType = wrapper.framework; name = CoreGraphics.framework; path = System/Library/Frameworks/CoreGraphics.framework; sourceTree = SDKROOT; };
		DCBA24861753559C0069547B /* day4-Info.plist */ = {isa = PBXFileReference; lastKnownFileType = text.plist.xml; path = "day4-Info.plist"; sourceTree = "<group>"; };
		DCBA24881753559C0069547B /* en */ = {isa = PBXFileReference; lastKnownFileType = text.plist.strings; name = en; path = en.lproj/InfoPlist.strings; sourceTree = "<group>"; };
		DCBA248A1753559C0069547B /* main.m */ = {isa = PBXFileReference; lastKnownFileType = sourcecode.c.objc; path = main.m; sourceTree = "<group>"; };
		DCBA248C1753559C0069547B /* day4-Prefix.pch */ = {isa = PBXFileReference; lastKnownFileType = sourcecode.c.h; path = "day4-Prefix.pch"; sourceTree = "<group>"; };
		DCBA248D1753559C0069547B /* AppDelegate.h */ = {isa = PBXFileReference; lastKnownFileType = sourcecode.c.h; path = AppDelegate.h; sourceTree = "<group>"; };
		DCBA248E1753559C0069547B /* AppDelegate.m */ = {isa = PBXFileReference; lastKnownFileType = sourcecode.c.objc; path = AppDelegate.m; sourceTree = "<group>"; };
		DCBA24901753559C0069547B /* Default.png */ = {isa = PBXFileReference; lastKnownFileType = image.png; path = Default.png; sourceTree = "<group>"; };
		DCBA24921753559C0069547B /* Default@2x.png */ = {isa = PBXFileReference; lastKnownFileType = image.png; path = "Default@2x.png"; sourceTree = "<group>"; };
		DCBA24941753559C0069547B /* Default-568h@2x.png */ = {isa = PBXFileReference; lastKnownFileType = image.png; path = "Default-568h@2x.png"; sourceTree = "<group>"; };
		DCBA24961753559C0069547B /* ViewController.h */ = {isa = PBXFileReference; lastKnownFileType = sourcecode.c.h; path = ViewController.h; sourceTree = "<group>"; };
		DCBA24971753559C0069547B /* ViewController.m */ = {isa = PBXFileReference; lastKnownFileType = sourcecode.c.objc; path = ViewController.m; sourceTree = "<group>"; };
		DCBA249A1753559C0069547B /* en */ = {isa = PBXFileReference; lastKnownFileType = file.xib; name = en; path = en.lproj/ViewController_iPhone.xib; sourceTree = "<group>"; };
		DCBA249D1753559C0069547B /* en */ = {isa = PBXFileReference; lastKnownFileType = file.xib; name = en; path = en.lproj/ViewController_iPad.xib; sourceTree = "<group>"; };
		DCBA24A41753559C0069547B /* day4Tests.octest */ = {isa = PBXFileReference; explicitFileType = wrapper.cfbundle; includeInIndex = 0; path = day4Tests.octest; sourceTree = BUILT_PRODUCTS_DIR; };
		DCBA24A51753559C0069547B /* SenTestingKit.framework */ = {isa = PBXFileReference; lastKnownFileType = wrapper.framework; name = SenTestingKit.framework; path = Library/Frameworks/SenTestingKit.framework; sourceTree = DEVELOPER_DIR; };
		DCBA24AD1753559C0069547B /* day4Tests-Info.plist */ = {isa = PBXFileReference; lastKnownFileType = text.plist.xml; path = "day4Tests-Info.plist"; sourceTree = "<group>"; };
		DCBA24AF1753559C0069547B /* en */ = {isa = PBXFileReference; lastKnownFileType = text.plist.strings; name = en; path = en.lproj/InfoPlist.strings; sourceTree = "<group>"; };
		DCBA24B11753559C0069547B /* day4Tests.h */ = {isa = PBXFileReference; lastKnownFileType = sourcecode.c.h; path = day4Tests.h; sourceTree = "<group>"; };
		DCBA24B21753559C0069547B /* day4Tests.m */ = {isa = PBXFileReference; lastKnownFileType = sourcecode.c.objc; path = day4Tests.m; sourceTree = "<group>"; };
/* End PBXFileReference section */

/* Begin PBXFrameworksBuildPhase section */
		DCBA24781753559C0069547B /* Frameworks */ = {
			isa = PBXFrameworksBuildPhase;
			buildActionMask = 2147483647;
			files = (
				DCBA247F1753559C0069547B /* UIKit.framework in Frameworks */,
				DCBA24811753559C0069547B /* Foundation.framework in Frameworks */,
				DCBA24831753559C0069547B /* CoreGraphics.framework in Frameworks */,
			);
			runOnlyForDeploymentPostprocessing = 0;
		};
		DCBA24A01753559C0069547B /* Frameworks */ = {
			isa = PBXFrameworksBuildPhase;
			buildActionMask = 2147483647;
			files = (
				DCBA24A61753559C0069547B /* SenTestingKit.framework in Frameworks */,
				DCBA24A71753559C0069547B /* UIKit.framework in Frameworks */,
				DCBA24A81753559C0069547B /* Foundation.framework in Frameworks */,
			);
			runOnlyForDeploymentPostprocessing = 0;
		};
/* End PBXFrameworksBuildPhase section */

/* Begin PBXGroup section */
		DCBA24721753559C0069547B = {
			isa = PBXGroup;
			children = (
				DCBA24841753559C0069547B /* day4 */,
				DCBA24AB1753559C0069547B /* day4Tests */,
				DCBA247D1753559C0069547B /* Frameworks */,
				DCBA247C1753559C0069547B /* Products */,
			);
			sourceTree = "<group>";
		};
		DCBA247C1753559C0069547B /* Products */ = {
			isa = PBXGroup;
			children = (
				DCBA247B1753559C0069547B /* day4.app */,
				DCBA24A41753559C0069547B /* day4Tests.octest */,
			);
			name = Products;
			sourceTree = "<group>";
		};
		DCBA247D1753559C0069547B /* Frameworks */ = {
			isa = PBXGroup;
			children = (
				DCBA247E1753559C0069547B /* UIKit.framework */,
				DCBA24801753559C0069547B /* Foundation.framework */,
				DCBA24821753559C0069547B /* CoreGraphics.framework */,
				DCBA24A51753559C0069547B /* SenTestingKit.framework */,
			);
			name = Frameworks;
			sourceTree = "<group>";
		};
		DCBA24841753559C0069547B /* day4 */ = {
			isa = PBXGroup;
			children = (
				DCBA248D1753559C0069547B /* AppDelegate.h */,
				DCBA248E1753559C0069547B /* AppDelegate.m */,
				DCBA24961753559C0069547B /* ViewController.h */,
				DCBA24971753559C0069547B /* ViewController.m */,
				ACEA8DDD17537A8E00AD33C3 /* KeyBoardInMezzo.h */,
				ACEA8DDE17537A8E00AD33C3 /* KeyBoardInMezzo.m */,
				DCBA24991753559C0069547B /* ViewController_iPhone.xib */,
				DCBA249C1753559C0069547B /* ViewController_iPad.xib */,
				DCBA24851753559C0069547B /* Supporting Files */,
			);
			path = day4;
			sourceTree = "<group>";
		};
		DCBA24851753559C0069547B /* Supporting Files */ = {
			isa = PBXGroup;
			children = (
				DCBA24861753559C0069547B /* day4-Info.plist */,
				DCBA24871753559C0069547B /* InfoPlist.strings */,
				DCBA248A1753559C0069547B /* main.m */,
				DCBA248C1753559C0069547B /* day4-Prefix.pch */,
				DCBA24901753559C0069547B /* Default.png */,
				DCBA24921753559C0069547B /* Default@2x.png */,
				DCBA24941753559C0069547B /* Default-568h@2x.png */,
			);
			name = "Supporting Files";
			sourceTree = "<group>";
		};
		DCBA24AB1753559C0069547B /* day4Tests */ = {
			isa = PBXGroup;
			children = (
				DCBA24B11753559C0069547B /* day4Tests.h */,
				DCBA24B21753559C0069547B /* day4Tests.m */,
				DCBA24AC1753559C0069547B /* Supporting Files */,
			);
			path = day4Tests;
			sourceTree = "<group>";
		};
		DCBA24AC1753559C0069547B /* Supporting Files */ = {
			isa = PBXGroup;
			children = (
				DCBA24AD1753559C0069547B /* day4Tests-Info.plist */,
				DCBA24AE1753559C0069547B /* InfoPlist.strings */,
			);
			name = "Supporting Files";
			sourceTree = "<group>";
		};
/* End PBXGroup section */

/* Begin PBXNativeTarget section */
		DCBA247A1753559C0069547B /* day4 */ = {
			isa = PBXNativeTarget;
			buildConfigurationList = DCBA24B61753559C0069547B /* Build configuration list for PBXNativeTarget "day4" */;
			buildPhases = (
				DCBA24771753559C0069547B /* Sources */,
				DCBA24781753559C0069547B /* Frameworks */,
				DCBA24791753559C0069547B /* Resources */,
			);
			buildRules = (
			);
			dependencies = (
			);
			name = day4;
			productName = day4;
			productReference = DCBA247B1753559C0069547B /* day4.app */;
			productType = "com.apple.product-type.application";
		};
		DCBA24A31753559C0069547B /* day4Tests */ = {
			isa = PBXNativeTarget;
			buildConfigurationList = DCBA24B91753559C0069547B /* Build configuration list for PBXNativeTarget "day4Tests" */;
			buildPhases = (
				DCBA249F1753559C0069547B /* Sources */,
				DCBA24A01753559C0069547B /* Frameworks */,
				DCBA24A11753559C0069547B /* Resources */,
				DCBA24A21753559C0069547B /* ShellScript */,
			);
			buildRules = (
			);
			dependencies = (
				DCBA24AA1753559C0069547B /* PBXTargetDependency */,
			);
			name = day4Tests;
			productName = day4Tests;
			productReference = DCBA24A41753559C0069547B /* day4Tests.octest */;
			productType = "com.apple.product-type.bundle";
		};
/* End PBXNativeTarget section */

/* Begin PBXProject section */
		DCBA24731753559C0069547B /* Project object */ = {
			isa = PBXProject;
			attributes = {
				LastUpgradeCheck = 0460;
			};
			buildConfigurationList = DCBA24761753559C0069547B /* Build configuration list for PBXProject "day4" */;
			compatibilityVersion = "Xcode 3.2";
			developmentRegion = English;
			hasScannedForEncodings = 0;
			knownRegions = (
				en,
			);
			mainGroup = DCBA24721753559C0069547B;
			productRefGroup = DCBA247C1753559C0069547B /* Products */;
			projectDirPath = "";
			projectRoot = "";
			targets = (
				DCBA247A1753559C0069547B /* day4 */,
				DCBA24A31753559C0069547B /* day4Tests */,
			);
		};
/* End PBXProject section */

/* Begin PBXResourcesBuildPhase section */
		DCBA24791753559C0069547B /* Resources */ = {
			isa = PBXResourcesBuildPhase;
			buildActionMask = 2147483647;
			files = (
				DCBA24891753559C0069547B /* InfoPlist.strings in Resources */,
				DCBA24911753559C0069547B /* Default.png in Resources */,
				DCBA24931753559C0069547B /* Default@2x.png in Resources */,
				DCBA24951753559C0069547B /* Default-568h@2x.png in Resources */,
				DCBA249B1753559C0069547B /* ViewController_iPhone.xib in Resources */,
				DCBA249E1753559C0069547B /* ViewController_iPad.xib in Resources */,
			);
			runOnlyForDeploymentPostprocessing = 0;
		};
		DCBA24A11753559C0069547B /* Resources */ = {
			isa = PBXResourcesBuildPhase;
			buildActionMask = 2147483647;
			files = (
				DCBA24B01753559C0069547B /* InfoPlist.strings in Resources */,
			);
			runOnlyForDeploymentPostprocessing = 0;
		};
/* End PBXResourcesBuildPhase section */

/* Begin PBXShellScriptBuildPhase section */
		DCBA24A21753559C0069547B /* ShellScript */ = {
			isa = PBXShellScriptBuildPhase;
			buildActionMask = 2147483647;
			files = (
			);
			inputPaths = (
			);
			outputPaths = (
			);
			runOnlyForDeploymentPostprocessing = 0;
			shellPath = /bin/sh;
			shellScript = "# Run the unit tests in this test bundle.\n\"${SYSTEM_DEVELOPER_DIR}/Tools/RunUnitTests\"\n";
		};
/* End PBXShellScriptBuildPhase section */

/* Begin PBXSourcesBuildPhase section */
		DCBA24771753559C0069547B /* Sources */ = {
			isa = PBXSourcesBuildPhase;
			buildActionMask = 2147483647;
			files = (
				DCBA248B1753559C0069547B /* main.m in Sources */,
				DCBA248F1753559C0069547B /* AppDelegate.m in Sources */,
				DCBA24981753559C0069547B /* ViewController.m in Sources */,
				ACEA8DDF17537A8E00AD33C3 /* KeyBoardInMezzo.m in Sources */,
			);
			runOnlyForDeploymentPostprocessing = 0;
		};
		DCBA249F1753559C0069547B /* Sources */ = {
			isa = PBXSourcesBuildPhase;
			buildActionMask = 2147483647;
			files = (
				DCBA24B31753559C0069547B /* day4Tests.m in Sources */,
			);
			runOnlyForDeploymentPostprocessing = 0;
		};
/* End PBXSourcesBuildPhase section */

/* Begin PBXTargetDependency section */
		DCBA24AA1753559C0069547B /* PBXTargetDependency */ = {
			isa = PBXTargetDependency;
			target = DCBA247A1753559C0069547B /* day4 */;
			targetProxy = DCBA24A91753559C0069547B /* PBXContainerItemProxy */;
		};
/* End PBXTargetDependency section */

/* Begin PBXVariantGroup section */
		DCBA24871753559C0069547B /* InfoPlist.strings */ = {
			isa = PBXVariantGroup;
			children = (
				DCBA24881753559C0069547B /* en */,
			);
			name = InfoPlist.strings;
			sourceTree = "<group>";
		};
		DCBA24991753559C0069547B /* ViewController_iPhone.xib */ = {
			isa = PBXVariantGroup;
			children = (
				DCBA249A1753559C0069547B /* en */,
			);
			name = ViewController_iPhone.xib;
			sourceTree = "<group>";
		};
		DCBA249C1753559C0069547B /* ViewController_iPad.xib */ = {
			isa = PBXVariantGroup;
			children = (
				DCBA249D1753559C0069547B /* en */,
			);
			name = ViewController_iPad.xib;
			sourceTree = "<group>";
		};
		DCBA24AE1753559C0069547B /* InfoPlist.strings */ = {
			isa = PBXVariantGroup;
			children = (
				DCBA24AF1753559C0069547B /* en */,
			);
			name = InfoPlist.strings;
			sourceTree = "<group>";
		};
/* End PBXVariantGroup section */

/* Begin XCBuildConfiguration section */
		DCBA24B41753559C0069547B /* Debug */ = {
			isa = XCBuildConfiguration;
			buildSettings = {
				ALWAYS_SEARCH_USER_PATHS = NO;
				CLANG_CXX_LANGUAGE_STANDARD = "gnu++0x";
				CLANG_CXX_LIBRARY = "libc++";
				CLANG_ENABLE_OBJC_ARC = YES;
				CLANG_WARN_CONSTANT_CONVERSION = YES;
				CLANG_WARN_EMPTY_BODY = YES;
				CLANG_WARN_ENUM_CONVERSION = YES;
				CLANG_WARN_INT_CONVERSION = YES;
				CLANG_WARN__DUPLICATE_METHOD_MATCH = YES;
				"CODE_SIGN_IDENTITY[sdk=iphoneos*]" = "iPhone Developer";
				COPY_PHASE_STRIP = NO;
				GCC_C_LANGUAGE_STANDARD = gnu99;
				GCC_DYNAMIC_NO_PIC = NO;
				GCC_OPTIMIZATION_LEVEL = 0;
				GCC_PREPROCESSOR_DEFINITIONS = (
					"DEBUG=1",
					"$(inherited)",
				);
				GCC_SYMBOLS_PRIVATE_EXTERN = NO;
				GCC_WARN_ABOUT_RETURN_TYPE = YES;
				GCC_WARN_UNINITIALIZED_AUTOS = YES;
				GCC_WARN_UNUSED_VARIABLE = YES;
				IPHONEOS_DEPLOYMENT_TARGET = 6.1;
				ONLY_ACTIVE_ARCH = YES;
				SDKROOT = iphoneos;
				TARGETED_DEVICE_FAMILY = "1,2";
			};
			name = Debug;
		};
		DCBA24B51753559C0069547B /* Release */ = {
			isa = XCBuildConfiguration;
			buildSettings = {
				ALWAYS_SEARCH_USER_PATHS = NO;
				CLANG_CXX_LANGUAGE_STANDARD = "gnu++0x";
				CLANG_CXX_LIBRARY = "libc++";
				CLANG_ENABLE_OBJC_ARC = YES;
				CLANG_WARN_CONSTANT_CONVERSION = YES;
				CLANG_WARN_EMPTY_BODY = YES;
				CLANG_WARN_ENUM_CONVERSION = YES;
				CLANG_WARN_INT_CONVERSION = YES;
				CLANG_WARN__DUPLICATE_METHOD_MATCH = YES;
				"CODE_SIGN_IDENTITY[sdk=iphoneos*]" = "iPhone Developer";
				COPY_PHASE_STRIP = YES;
				GCC_C_LANGUAGE_STANDARD = gnu99;
				GCC_WARN_ABOUT_RETURN_TYPE = YES;
				GCC_WARN_UNINITIALIZED_AUTOS = YES;
				GCC_WARN_UNUSED_VARIABLE = YES;
				IPHONEOS_DEPLOYMENT_TARGET = 6.1;
				OTHER_CFLAGS = "-DNS_BLOCK_ASSERTIONS=1";
				SDKROOT = iphoneos;
				TARGETED_DEVICE_FAMILY = "1,2";
				VALIDATE_PRODUCT = YES;
			};
			name = Release;
		};
		DCBA24B71753559C0069547B /* Debug */ = {
			isa = XCBuildConfiguration;
			buildSettings = {
				GCC_PRECOMPILE_PREFIX_HEADER = YES;
				GCC_PREFIX_HEADER = "day4/day4-Prefix.pch";
				INFOPLIST_FILE = "day4/day4-Info.plist";
				PRODUCT_NAME = "$(TARGET_NAME)";
				WRAPPER_EXTENSION = app;
			};
			name = Debug;
		};
		DCBA24B81753559C0069547B /* Release */ = {
			isa = XCBuildConfiguration;
			buildSettings = {
				GCC_PRECOMPILE_PREFIX_HEADER = YES;
				GCC_PREFIX_HEADER = "day4/day4-Prefix.pch";
				INFOPLIST_FILE = "day4/day4-Info.plist";
				PRODUCT_NAME = "$(TARGET_NAME)";
				WRAPPER_EXTENSION = app;
			};
			name = Release;
		};
		DCBA24BA1753559C0069547B /* Debug */ = {
			isa = XCBuildConfiguration;
			buildSettings = {
				BUNDLE_LOADER = "$(BUILT_PRODUCTS_DIR)/day4.app/day4";
				FRAMEWORK_SEARCH_PATHS = (
					"\"$(SDKROOT)/Developer/Library/Frameworks\"",
					"\"$(DEVELOPER_LIBRARY_DIR)/Frameworks\"",
				);
				GCC_PRECOMPILE_PREFIX_HEADER = YES;
				GCC_PREFIX_HEADER = "day4/day4-Prefix.pch";
				INFOPLIST_FILE = "day4Tests/day4Tests-Info.plist";
				PRODUCT_NAME = "$(TARGET_NAME)";
				TEST_HOST = "$(BUNDLE_LOADER)";
				WRAPPER_EXTENSION = octest;
			};
			name = Debug;
		};
		DCBA24BB1753559C0069547B /* Release */ = {
			isa = XCBuildConfiguration;
			buildSettings = {
				BUNDLE_LOADER = "$(BUILT_PRODUCTS_DIR)/day4.app/day4";
				FRAMEWORK_SEARCH_PATHS = (
					"\"$(SDKROOT)/Developer/Library/Frameworks\"",
					"\"$(DEVELOPER_LIBRARY_DIR)/Frameworks\"",
				);
				GCC_PRECOMPILE_PREFIX_HEADER = YES;
				GCC_PREFIX_HEADER = "day4/day4-Prefix.pch";
				INFOPLIST_FILE = "day4Tests/day4Tests-Info.plist";
				PRODUCT_NAME = "$(TARGET_NAME)";
				TEST_HOST = "$(BUNDLE_LOADER)";
				WRAPPER_EXTENSION = octest;
			};
			name = Release;
		};
/* End XCBuildConfiguration section */

/* Begin XCConfigurationList section */
		DCBA24761753559C0069547B /* Build configuration list for PBXProject "day4" */ = {
			isa = XCConfigurationList;
			buildConfigurations = (
				DCBA24B41753559C0069547B /* Debug */,
				DCBA24B51753559C0069547B /* Release */,
			);
			defaultConfigurationIsVisible = 0;
			defaultConfigurationName = Release;
		};
		DCBA24B61753559C0069547B /* Build configuration list for PBXNativeTarget "day4" */ = {
			isa = XCConfigurationList;
			buildConfigurations = (
				DCBA24B71753559C0069547B /* Debug */,
				DCBA24B81753559C0069547B /* Release */,
			);
			defaultConfigurationIsVisible = 0;
			defaultConfigurationName = Release;
		};
		DCBA24B91753559C0069547B /* Build configuration list for PBXNativeTarget "day4Tests" */ = {
			isa = XCConfigurationList;
			buildConfigurations = (
				DCBA24BA1753559C0069547B /* Debug */,
				DCBA24BB1753559C0069547B /* Release */,
			);
			defaultConfigurationIsVisible = 0;
			defaultConfigurationName = Release;
		};
/* End XCConfigurationList section */
	};
	rootObject = DCBA24731753559C0069547B /* Project object */;
}
